// !$*UTF8*$!
{
	archiveVersion = 1;
	classes = {
	};
	objectVersion = 46;
	objects = {

/* Begin PBXBuildFile section */
		07205EF51971FE500040FAE6 /* Foundation.framework in Frameworks */ = {isa = PBXBuildFile; fileRef = 07205EF41971FE500040FAE6 /* Foundation.framework */; };
		07205EF71971FE500040FAE6 /* CoreGraphics.framework in Frameworks */ = {isa = PBXBuildFile; fileRef = 07205EF61971FE500040FAE6 /* CoreGraphics.framework */; };
		07205EF91971FE500040FAE6 /* UIKit.framework in Frameworks */ = {isa = PBXBuildFile; fileRef = 07205EF81971FE500040FAE6 /* UIKit.framework */; };
		07205EFF1971FE500040FAE6 /* InfoPlist.strings in Resources */ = {isa = PBXBuildFile; fileRef = 07205EFD1971FE500040FAE6 /* InfoPlist.strings */; };
		07205F011971FE500040FAE6 /* main.m in Sources */ = {isa = PBXBuildFile; fileRef = 07205F001971FE500040FAE6 /* main.m */; };
		07205F051971FE500040FAE6 /* gifKeyAppDelegate.m in Sources */ = {isa = PBXBuildFile; fileRef = 07205F041971FE500040FAE6 /* gifKeyAppDelegate.m */; };
		07205F081971FE500040FAE6 /* Main.storyboard in Resources */ = {isa = PBXBuildFile; fileRef = 07205F061971FE500040FAE6 /* Main.storyboard */; };
		07205F0B1971FE500040FAE6 /* gifKeyViewController.m in Sources */ = {isa = PBXBuildFile; fileRef = 07205F0A1971FE500040FAE6 /* gifKeyViewController.m */; };
		07205F0D1971FE500040FAE6 /* Images.xcassets in Resources */ = {isa = PBXBuildFile; fileRef = 07205F0C1971FE500040FAE6 /* Images.xcassets */; };
		07205F141971FE500040FAE6 /* XCTest.framework in Frameworks */ = {isa = PBXBuildFile; fileRef = 07205F131971FE500040FAE6 /* XCTest.framework */; };
		07205F151971FE500040FAE6 /* Foundation.framework in Frameworks */ = {isa = PBXBuildFile; fileRef = 07205EF41971FE500040FAE6 /* Foundation.framework */; };
		07205F161971FE500040FAE6 /* UIKit.framework in Frameworks */ = {isa = PBXBuildFile; fileRef = 07205EF81971FE500040FAE6 /* UIKit.framework */; };
		07205F1E1971FE500040FAE6 /* InfoPlist.strings in Resources */ = {isa = PBXBuildFile; fileRef = 07205F1C1971FE500040FAE6 /* InfoPlist.strings */; };
		07205F201971FE500040FAE6 /* gifKeyTests.m in Sources */ = {isa = PBXBuildFile; fileRef = 07205F1F1971FE500040FAE6 /* gifKeyTests.m */; };
		0727A8411976055900E67F3A /* UIImage+animatedGIF.m in Sources */ = {isa = PBXBuildFile; fileRef = 0727A8401976055900E67F3A /* UIImage+animatedGIF.m */; };
		0727A843197606BB00E67F3A /* ImageIO.framework in Frameworks */ = {isa = PBXBuildFile; fileRef = 0727A842197606BB00E67F3A /* ImageIO.framework */; };
/* End PBXBuildFile section */

/* Begin PBXContainerItemProxy section */
		07205F171971FE500040FAE6 /* PBXContainerItemProxy */ = {
			isa = PBXContainerItemProxy;
			containerPortal = 07205EE91971FE500040FAE6 /* Project object */;
			proxyType = 1;
			remoteGlobalIDString = 07205EF01971FE500040FAE6;
			remoteInfo = gifKey;
		};
/* End PBXContainerItemProxy section */

/* Begin PBXFileReference section */
		07205EF11971FE500040FAE6 /* gifKey.app */ = {isa = PBXFileReference; explicitFileType = wrapper.application; includeInIndex = 0; path = gifKey.app; sourceTree = BUILT_PRODUCTS_DIR; };
		07205EF41971FE500040FAE6 /* Foundation.framework */ = {isa = PBXFileReference; lastKnownFileType = wrapper.framework; name = Foundation.framework; path = System/Library/Frameworks/Foundation.framework; sourceTree = SDKROOT; };
		07205EF61971FE500040FAE6 /* CoreGraphics.framework */ = {isa = PBXFileReference; lastKnownFileType = wrapper.framework; name = CoreGraphics.framework; path = System/Library/Frameworks/CoreGraphics.framework; sourceTree = SDKROOT; };
		07205EF81971FE500040FAE6 /* UIKit.framework */ = {isa = PBXFileReference; lastKnownFileType = wrapper.framework; name = UIKit.framework; path = System/Library/Frameworks/UIKit.framework; sourceTree = SDKROOT; };
		07205EFC1971FE500040FAE6 /* gifKey-Info.plist */ = {isa = PBXFileReference; lastKnownFileType = text.plist.xml; path = "gifKey-Info.plist"; sourceTree = "<group>"; };
		07205EFE1971FE500040FAE6 /* en */ = {isa = PBXFileReference; lastKnownFileType = text.plist.strings; name = en; path = en.lproj/InfoPlist.strings; sourceTree = "<group>"; };
		07205F001971FE500040FAE6 /* main.m */ = {isa = PBXFileReference; lastKnownFileType = sourcecode.c.objc; path = main.m; sourceTree = "<group>"; };
		07205F021971FE500040FAE6 /* gifKey-Prefix.pch */ = {isa = PBXFileReference; lastKnownFileType = sourcecode.c.h; path = "gifKey-Prefix.pch"; sourceTree = "<group>"; };
		07205F031971FE500040FAE6 /* gifKeyAppDelegate.h */ = {isa = PBXFileReference; lastKnownFileType = sourcecode.c.h; path = gifKeyAppDelegate.h; sourceTree = "<group>"; };
		07205F041971FE500040FAE6 /* gifKeyAppDelegate.m */ = {isa = PBXFileReference; lastKnownFileType = sourcecode.c.objc; path = gifKeyAppDelegate.m; sourceTree = "<group>"; };
		07205F071971FE500040FAE6 /* Base */ = {isa = PBXFileReference; lastKnownFileType = file.storyboard; name = Base; path = Base.lproj/Main.storyboard; sourceTree = "<group>"; };
		07205F091971FE500040FAE6 /* gifKeyViewController.h */ = {isa = PBXFileReference; lastKnownFileType = sourcecode.c.h; path = gifKeyViewController.h; sourceTree = "<group>"; };
		07205F0A1971FE500040FAE6 /* gifKeyViewController.m */ = {isa = PBXFileReference; lastKnownFileType = sourcecode.c.objc; path = gifKeyViewController.m; sourceTree = "<group>"; };
		07205F0C1971FE500040FAE6 /* Images.xcassets */ = {isa = PBXFileReference; lastKnownFileType = folder.assetcatalog; path = Images.xcassets; sourceTree = "<group>"; };
		07205F121971FE500040FAE6 /* gifKeyTests.xctest */ = {isa = PBXFileReference; explicitFileType = wrapper.cfbundle; includeInIndex = 0; path = gifKeyTests.xctest; sourceTree = BUILT_PRODUCTS_DIR; };
		07205F131971FE500040FAE6 /* XCTest.framework */ = {isa = PBXFileReference; lastKnownFileType = wrapper.framework; name = XCTest.framework; path = Library/Frameworks/XCTest.framework; sourceTree = DEVELOPER_DIR; };
		07205F1B1971FE500040FAE6 /* gifKeyTests-Info.plist */ = {isa = PBXFileReference; lastKnownFileType = text.plist.xml; path = "gifKeyTests-Info.plist"; sourceTree = "<group>"; };
		07205F1D1971FE500040FAE6 /* en */ = {isa = PBXFileReference; lastKnownFileType = text.plist.strings; name = en; path = en.lproj/InfoPlist.strings; sourceTree = "<group>"; };
		07205F1F1971FE500040FAE6 /* gifKeyTests.m */ = {isa = PBXFileReference; lastKnownFileType = sourcecode.c.objc; path = gifKeyTests.m; sourceTree = "<group>"; };
		0727A83F1976055900E67F3A /* UIImage+animatedGIF.h */ = {isa = PBXFileReference; fileEncoding = 4; lastKnownFileType = sourcecode.c.h; path = "UIImage+animatedGIF.h"; sourceTree = "<group>"; };
		0727A8401976055900E67F3A /* UIImage+animatedGIF.m */ = {isa = PBXFileReference; fileEncoding = 4; lastKnownFileType = sourcecode.c.objc; path = "UIImage+animatedGIF.m"; sourceTree = "<group>"; };
		0727A842197606BB00E67F3A /* ImageIO.framework */ = {isa = PBXFileReference; lastKnownFileType = wrapper.framework; name = ImageIO.framework; path = System/Library/Frameworks/ImageIO.framework; sourceTree = SDKROOT; };
/* End PBXFileReference section */

/* Begin PBXFrameworksBuildPhase section */
		07205EEE1971FE500040FAE6 /* Frameworks */ = {
			isa = PBXFrameworksBuildPhase;
			buildActionMask = 2147483647;
			files = (
				0727A843197606BB00E67F3A /* ImageIO.framework in Frameworks */,
				07205EF71971FE500040FAE6 /* CoreGraphics.framework in Frameworks */,
				07205EF91971FE500040FAE6 /* UIKit.framework in Frameworks */,
				07205EF51971FE500040FAE6 /* Foundation.framework in Frameworks */,
			);
			runOnlyForDeploymentPostprocessing = 0;
		};
		07205F0F1971FE500040FAE6 /* Frameworks */ = {
			isa = PBXFrameworksBuildPhase;
			buildActionMask = 2147483647;
			files = (
				07205F141971FE500040FAE6 /* XCTest.framework in Frameworks */,
				07205F161971FE500040FAE6 /* UIKit.framework in Frameworks */,
				07205F151971FE500040FAE6 /* Foundation.framework in Frameworks */,
			);
			runOnlyForDeploymentPostprocessing = 0;
		};
/* End PBXFrameworksBuildPhase section */

/* Begin PBXGroup section */
		07205EE81971FE500040FAE6 = {
			isa = PBXGroup;
			children = (
				07205EFA1971FE500040FAE6 /* gifKey */,
				07205F191971FE500040FAE6 /* gifKeyTests */,
				07205EF31971FE500040FAE6 /* Frameworks */,
				07205EF21971FE500040FAE6 /* Products */,
			);
			sourceTree = "<group>";
		};
		07205EF21971FE500040FAE6 /* Products */ = {
			isa = PBXGroup;
			children = (
				07205EF11971FE500040FAE6 /* gifKey.app */,
				07205F121971FE500040FAE6 /* gifKeyTests.xctest */,
			);
			name = Products;
			sourceTree = "<group>";
		};
		07205EF31971FE500040FAE6 /* Frameworks */ = {
			isa = PBXGroup;
			children = (
				0727A842197606BB00E67F3A /* ImageIO.framework */,
				07205EF41971FE500040FAE6 /* Foundation.framework */,
				07205EF61971FE500040FAE6 /* CoreGraphics.framework */,
				07205EF81971FE500040FAE6 /* UIKit.framework */,
				07205F131971FE500040FAE6 /* XCTest.framework */,
			);
			name = Frameworks;
			sourceTree = "<group>";
		};
		07205EFA1971FE500040FAE6 /* gifKey */ = {
			isa = PBXGroup;
			children = (
				07205F031971FE500040FAE6 /* gifKeyAppDelegate.h */,
				07205F041971FE500040FAE6 /* gifKeyAppDelegate.m */,
				07205F061971FE500040FAE6 /* Main.storyboard */,
				07205F091971FE500040FAE6 /* gifKeyViewController.h */,
				07205F0A1971FE500040FAE6 /* gifKeyViewController.m */,
				0727A83F1976055900E67F3A /* UIImage+animatedGIF.h */,
				0727A8401976055900E67F3A /* UIImage+animatedGIF.m */,
				07205F0C1971FE500040FAE6 /* Images.xcassets */,
				07205EFB1971FE500040FAE6 /* Supporting Files */,
			);
			path = gifKey;
			sourceTree = "<group>";
		};
		07205EFB1971FE500040FAE6 /* Supporting Files */ = {
			isa = PBXGroup;
			children = (
				07205EFC1971FE500040FAE6 /* gifKey-Info.plist */,
				07205EFD1971FE500040FAE6 /* InfoPlist.strings */,
				07205F001971FE500040FAE6 /* main.m */,
				07205F021971FE500040FAE6 /* gifKey-Prefix.pch */,
			);
			name = "Supporting Files";
			sourceTree = "<group>";
		};
		07205F191971FE500040FAE6 /* gifKeyTests */ = {
			isa = PBXGroup;
			children = (
				07205F1F1971FE500040FAE6 /* gifKeyTests.m */,
				07205F1A1971FE500040FAE6 /* Supporting Files */,
			);
			path = gifKeyTests;
			sourceTree = "<group>";
		};
		07205F1A1971FE500040FAE6 /* Supporting Files */ = {
			isa = PBXGroup;
			children = (
				07205F1B1971FE500040FAE6 /* gifKeyTests-Info.plist */,
				07205F1C1971FE500040FAE6 /* InfoPlist.strings */,
			);
			name = "Supporting Files";
			sourceTree = "<group>";
		};
/* End PBXGroup section */

/* Begin PBXNativeTarget section */
		07205EF01971FE500040FAE6 /* gifKey */ = {
			isa = PBXNativeTarget;
			buildConfigurationList = 07205F231971FE500040FAE6 /* Build configuration list for PBXNativeTarget "gifKey" */;
			buildPhases = (
				07205EED1971FE500040FAE6 /* Sources */,
				07205EEE1971FE500040FAE6 /* Frameworks */,
				07205EEF1971FE500040FAE6 /* Resources */,
			);
			buildRules = (
			);
			dependencies = (
			);
			name = gifKey;
			productName = gifKey;
			productReference = 07205EF11971FE500040FAE6 /* gifKey.app */;
			productType = "com.apple.product-type.application";
		};
		07205F111971FE500040FAE6 /* gifKeyTests */ = {
			isa = PBXNativeTarget;
			buildConfigurationList = 07205F261971FE500040FAE6 /* Build configuration list for PBXNativeTarget "gifKeyTests" */;
			buildPhases = (
				07205F0E1971FE500040FAE6 /* Sources */,
				07205F0F1971FE500040FAE6 /* Frameworks */,
				07205F101971FE500040FAE6 /* Resources */,
			);
			buildRules = (
			);
			dependencies = (
				07205F181971FE500040FAE6 /* PBXTargetDependency */,
			);
			name = gifKeyTests;
			productName = gifKeyTests;
			productReference = 07205F121971FE500040FAE6 /* gifKeyTests.xctest */;
			productType = "com.apple.product-type.bundle.unit-test";
		};
/* End PBXNativeTarget section */

/* Begin PBXProject section */
		07205EE91971FE500040FAE6 /* Project object */ = {
			isa = PBXProject;
			attributes = {
				CLASSPREFIX = gifKey;
				LastUpgradeCheck = 0510;
				ORGANIZATIONNAME = dglunz;
				TargetAttributes = {
					07205EF01971FE500040FAE6 = {
						DevelopmentTeam = ZUK4JWD5A6;
					};
					07205F111971FE500040FAE6 = {
						TestTargetID = 07205EF01971FE500040FAE6;
					};
				};
			};
			buildConfigurationList = 07205EEC1971FE500040FAE6 /* Build configuration list for PBXProject "gifKey" */;
			compatibilityVersion = "Xcode 3.2";
			developmentRegion = English;
			hasScannedForEncodings = 0;
			knownRegions = (
				en,
				Base,
			);
			mainGroup = 07205EE81971FE500040FAE6;
			productRefGroup = 07205EF21971FE500040FAE6 /* Products */;
			projectDirPath = "";
			projectRoot = "";
			targets = (
				07205EF01971FE500040FAE6 /* gifKey */,
				07205F111971FE500040FAE6 /* gifKeyTests */,
			);
		};
/* End PBXProject section */

/* Begin PBXResourcesBuildPhase section */
		07205EEF1971FE500040FAE6 /* Resources */ = {
			isa = PBXResourcesBuildPhase;
			buildActionMask = 2147483647;
			files = (
				07205F0D1971FE500040FAE6 /* Images.xcassets in Resources */,
				07205EFF1971FE500040FAE6 /* InfoPlist.strings in Resources */,
				07205F081971FE500040FAE6 /* Main.storyboard in Resources */,
			);
			runOnlyForDeploymentPostprocessing = 0;
		};
		07205F101971FE500040FAE6 /* Resources */ = {
			isa = PBXResourcesBuildPhase;
			buildActionMask = 2147483647;
			files = (
				07205F1E1971FE500040FAE6 /* InfoPlist.strings in Resources */,
			);
			runOnlyForDeploymentPostprocessing = 0;
		};
/* End PBXResourcesBuildPhase section */

/* Begin PBXSourcesBuildPhase section */
		07205EED1971FE500040FAE6 /* Sources */ = {
			isa = PBXSourcesBuildPhase;
			buildActionMask = 2147483647;
			files = (
				07205F0B1971FE500040FAE6 /* gifKeyViewController.m in Sources */,
				0727A8411976055900E67F3A /* UIImage+animatedGIF.m in Sources */,
				07205F011971FE500040FAE6 /* main.m in Sources */,
				07205F051971FE500040FAE6 /* gifKeyAppDelegate.m in Sources */,
			);
			runOnlyForDeploymentPostprocessing = 0;
		};
		07205F0E1971FE500040FAE6 /* Sources */ = {
			isa = PBXSourcesBuildPhase;
			buildActionMask = 2147483647;
			files = (
				07205F201971FE500040FAE6 /* gifKeyTests.m in Sources */,
			);
			runOnlyForDeploymentPostprocessing = 0;
		};
/* End PBXSourcesBuildPhase section */

/* Begin PBXTargetDependency section */
		07205F181971FE500040FAE6 /* PBXTargetDependency */ = {
			isa = PBXTargetDependency;
			target = 07205EF01971FE500040FAE6 /* gifKey */;
			targetProxy = 07205F171971FE500040FAE6 /* PBXContainerItemProxy */;
		};
/* End PBXTargetDependency section */

/* Begin PBXVariantGroup section */
		07205EFD1971FE500040FAE6 /* InfoPlist.strings */ = {
			isa = PBXVariantGroup;
			children = (
				07205EFE1971FE500040FAE6 /* en */,
			);
			name = InfoPlist.strings;
			sourceTree = "<group>";
		};
		07205F061971FE500040FAE6 /* Main.storyboard */ = {
			isa = PBXVariantGroup;
			children = (
				07205F071971FE500040FAE6 /* Base */,
			);
			name = Main.storyboard;
			sourceTree = "<group>";
		};
		07205F1C1971FE500040FAE6 /* InfoPlist.strings */ = {
			isa = PBXVariantGroup;
			children = (
				07205F1D1971FE500040FAE6 /* en */,
			);
			name = InfoPlist.strings;
			sourceTree = "<group>";
		};
/* End PBXVariantGroup section */

/* Begin XCBuildConfiguration section */
		07205F211971FE500040FAE6 /* Debug */ = {
			isa = XCBuildConfiguration;
			buildSettings = {
				ALWAYS_SEARCH_USER_PATHS = NO;
				CLANG_CXX_LANGUAGE_STANDARD = "gnu++0x";
				CLANG_CXX_LIBRARY = "libc++";
				CLANG_ENABLE_MODULES = YES;
				CLANG_ENABLE_OBJC_ARC = YES;
				CLANG_WARN_BOOL_CONVERSION = YES;
				CLANG_WARN_CONSTANT_CONVERSION = YES;
				CLANG_WARN_DIRECT_OBJC_ISA_USAGE = YES_ERROR;
				CLANG_WARN_EMPTY_BODY = YES;
				CLANG_WARN_ENUM_CONVERSION = YES;
				CLANG_WARN_INT_CONVERSION = YES;
				CLANG_WARN_OBJC_ROOT_CLASS = YES_ERROR;
				CLANG_WARN__DUPLICATE_METHOD_MATCH = YES;
				"CODE_SIGN_IDENTITY[sdk=iphoneos*]" = "iPhone Developer";
				COPY_PHASE_STRIP = NO;
				GCC_C_LANGUAGE_STANDARD = gnu99;
				GCC_DYNAMIC_NO_PIC = NO;
				GCC_OPTIMIZATION_LEVEL = 0;
				GCC_PREPROCESSOR_DEFINITIONS = (
					"DEBUG=1",
					"$(inherited)",
				);
				GCC_SYMBOLS_PRIVATE_EXTERN = NO;
				GCC_WARN_64_TO_32_BIT_CONVERSION = YES;
				GCC_WARN_ABOUT_RETURN_TYPE = YES_ERROR;
				GCC_WARN_UNDECLARED_SELECTOR = YES;
				GCC_WARN_UNINITIALIZED_AUTOS = YES_AGGRESSIVE;
				GCC_WARN_UNUSED_FUNCTION = YES;
				GCC_WARN_UNUSED_VARIABLE = YES;
				IPHONEOS_DEPLOYMENT_TARGET = 7.1;
				ONLY_ACTIVE_ARCH = YES;
				SDKROOT = iphoneos;
			};
			name = Debug;
		};
		07205F221971FE500040FAE6 /* Release */ = {
			isa = XCBuildConfiguration;
			buildSettings = {
				ALWAYS_SEARCH_USER_PATHS = NO;
				CLANG_CXX_LANGUAGE_STANDARD = "gnu++0x";
				CLANG_CXX_LIBRARY = "libc++";
				CLANG_ENABLE_MODULES = YES;
				CLANG_ENABLE_OBJC_ARC = YES;
				CLANG_WARN_BOOL_CONVERSION = YES;
				CLANG_WARN_CONSTANT_CONVERSION = YES;
				CLANG_WARN_DIRECT_OBJC_ISA_USAGE = YES_ERROR;
				CLANG_WARN_EMPTY_BODY = YES;
				CLANG_WARN_ENUM_CONVERSION = YES;
				CLANG_WARN_INT_CONVERSION = YES;
				CLANG_WARN_OBJC_ROOT_CLASS = YES_ERROR;
				CLANG_WARN__DUPLICATE_METHOD_MATCH = YES;
				"CODE_SIGN_IDENTITY[sdk=iphoneos*]" = "iPhone Developer";
				COPY_PHASE_STRIP = YES;
				ENABLE_NS_ASSERTIONS = NO;
				GCC_C_LANGUAGE_STANDARD = gnu99;
				GCC_WARN_64_TO_32_BIT_CONVERSION = YES;
				GCC_WARN_ABOUT_RETURN_TYPE = YES_ERROR;
				GCC_WARN_UNDECLARED_SELECTOR = YES;
				GCC_WARN_UNINITIALIZED_AUTOS = YES_AGGRESSIVE;
				GCC_WARN_UNUSED_FUNCTION = YES;
				GCC_WARN_UNUSED_VARIABLE = YES;
				IPHONEOS_DEPLOYMENT_TARGET = 7.1;
				SDKROOT = iphoneos;
				VALIDATE_PRODUCT = YES;
			};
			name = Release;
		};
		07205F241971FE500040FAE6 /* Debug */ = {
			isa = XCBuildConfiguration;
			buildSettings = {
				ASSETCATALOG_COMPILER_APPICON_NAME = AppIcon;
				ASSETCATALOG_COMPILER_LAUNCHIMAGE_NAME = LaunchImage;
				CODE_SIGN_IDENTITY = "iPhone Developer";
				"CODE_SIGN_IDENTITY[sdk=iphoneos*]" = "iPhone Developer";
				GCC_PRECOMPILE_PREFIX_HEADER = YES;
				GCC_PREFIX_HEADER = "gifKey/gifKey-Prefix.pch";
				INFOPLIST_FILE = "gifKey/gifKey-Info.plist";
				PRODUCT_NAME = "$(TARGET_NAME)";
				PROVISIONING_PROFILE = "";
				WRAPPER_EXTENSION = app;
			};
			name = Debug;
		};
		07205F251971FE500040FAE6 /* Release */ = {
			isa = XCBuildConfiguration;
			buildSettings = {
				ASSETCATALOG_COMPILER_APPICON_NAME = AppIcon;
				ASSETCATALOG_COMPILER_LAUNCHIMAGE_NAME = LaunchImage;
				CODE_SIGN_IDENTITY = "iPhone Developer";
				"CODE_SIGN_IDENTITY[sdk=iphoneos*]" = "iPhone Developer";
				GCC_PRECOMPILE_PREFIX_HEADER = YES;
				GCC_PREFIX_HEADER = "gifKey/gifKey-Prefix.pch";
				INFOPLIST_FILE = "gifKey/gifKey-Info.plist";
				PRODUCT_NAME = "$(TARGET_NAME)";
				PROVISIONING_PROFILE = "";
				WRAPPER_EXTENSION = app;
			};
			name = Release;
		};
		07205F271971FE500040FAE6 /* Debug */ = {
			isa = XCBuildConfiguration;
			buildSettings = {
				BUNDLE_LOADER = "$(BUILT_PRODUCTS_DIR)/gifKey.app/gifKey";
				FRAMEWORK_SEARCH_PATHS = (
					"$(SDKROOT)/Developer/Library/Frameworks",
					"$(inherited)",
					"$(DEVELOPER_FRAMEWORKS_DIR)",
				);
				GCC_PRECOMPILE_PREFIX_HEADER = YES;
				GCC_PREFIX_HEADER = "gifKey/gifKey-Prefix.pch";
				GCC_PREPROCESSOR_DEFINITIONS = (
					"DEBUG=1",
					"$(inherited)",
				);
				INFOPLIST_FILE = "gifKeyTests/gifKeyTests-Info.plist";
				PRODUCT_NAME = "$(TARGET_NAME)";
				TEST_HOST = "$(BUNDLE_LOADER)";
				WRAPPER_EXTENSION = xctest;
			};
			name = Debug;
		};
		07205F281971FE500040FAE6 /* Release */ = {
			isa = XCBuildConfiguration;
			buildSettings = {
				BUNDLE_LOADER = "$(BUILT_PRODUCTS_DIR)/gifKey.app/gifKey";
				FRAMEWORK_SEARCH_PATHS = (
					"$(SDKROOT)/Developer/Library/Frameworks",
					"$(inherited)",
					"$(DEVELOPER_FRAMEWORKS_DIR)",
				);
				GCC_PRECOMPILE_PREFIX_HEADER = YES;
				GCC_PREFIX_HEADER = "gifKey/gifKey-Prefix.pch";
				INFOPLIST_FILE = "gifKeyTests/gifKeyTests-Info.plist";
				PRODUCT_NAME = "$(TARGET_NAME)";
				TEST_HOST = "$(BUNDLE_LOADER)";
				WRAPPER_EXTENSION = xctest;
			};
			name = Release;
		};
/* End XCBuildConfiguration section */

/* Begin XCConfigurationList section */
		07205EEC1971FE500040FAE6 /* Build configuration list for PBXProject "gifKey" */ = {
			isa = XCConfigurationList;
			buildConfigurations = (
				07205F211971FE500040FAE6 /* Debug */,
				07205F221971FE500040FAE6 /* Release */,
			);
			defaultConfigurationIsVisible = 0;
			defaultConfigurationName = Release;
		};
		07205F231971FE500040FAE6 /* Build configuration list for PBXNativeTarget "gifKey" */ = {
			isa = XCConfigurationList;
			buildConfigurations = (
				07205F241971FE500040FAE6 /* Debug */,
				07205F251971FE500040FAE6 /* Release */,
			);
			defaultConfigurationIsVisible = 0;
			defaultConfigurationName = Release;
		};
		07205F261971FE500040FAE6 /* Build configuration list for PBXNativeTarget "gifKeyTests" */ = {
			isa = XCConfigurationList;
			buildConfigurations = (
				07205F271971FE500040FAE6 /* Debug */,
				07205F281971FE500040FAE6 /* Release */,
			);
			defaultConfigurationIsVisible = 0;
			defaultConfigurationName = Release;
		};
/* End XCConfigurationList section */
	};
	rootObject = 07205EE91971FE500040FAE6 /* Project object */;
}
